
Microsoft Visual Studio Solution File, Format Version 12.00
# Visual Studio Version 17
VisualStudioVersion = 17.14.36616.10
MinimumVisualStudioVersion = 10.0.40219.1
Project("{2150E333-8FDC-42A3-9474-1A3956D46DE8}") = "Solution Items", "Solution Items", "{8EC462FD-D22E-90A8-E5CE-7E832BA40C5D}"
	ProjectSection(SolutionItems) = preProject
		.editorconfig = .editorconfig
		.gitignore = .gitignore
		Directory.Build.props = Directory.Build.props
		Directory.Packages.props = Directory.Packages.props
		global.json = global.json
		LICENSE = LICENSE
		README.md = README.md
		stylecop.json = stylecop.json
	EndProjectSection
EndProject
Project("{FAE04EC0-301F-11D3-BF4B-00C04F79EFBC}") = "Functions", "src\Functions\Functions.csproj", "{869008E3-EFD1-0A48-7FEC-C8E6AEA3A97A}"
EndProject
Project("{FAE04EC0-301F-11D3-BF4B-00C04F79EFBC}") = "Core", "src\Core\Core.csproj", "{7BD9F2E1-AB8E-4AA5-93BA-9B92D27EC064}"
EndProject
Project("{2150E333-8FDC-42A3-9474-1A3956D46DE8}") = "src", "src", "{02EA681E-C7D8-13C7-8484-4AC65E1B71E8}"
	ProjectSection(SolutionItems) = preProject
		src\Directory.Build.props = src\Directory.Build.props
	EndProjectSection
EndProject
Project("{FAE04EC0-301F-11D3-BF4B-00C04F79EFBC}") = "Core.Tests", "tests\Core.Tests\Core.Tests.csproj", "{C7D85722-68AB-4E9A-8E47-7A71B3387060}"
EndProject
Project("{2150E333-8FDC-42A3-9474-1A3956D46DE8}") = "tests", "tests", "{143067B7-D5C1-4471-BB0D-F31626A116A7}"
	ProjectSection(SolutionItems) = preProject
		tests\.editorconfig = tests\.editorconfig
		tests\Directory.Build.props = tests\Directory.Build.props
	EndProjectSection
EndProject
Project("{FAE04EC0-301F-11D3-BF4B-00C04F79EFBC}") = "Functions.Tests", "tests\Functions.Tests\Functions.Tests.csproj", "{309097B3-0840-4407-A85F-7038F18201E0}"
EndProject
Global
	GlobalSection(SolutionConfigurationPlatforms) = preSolution
		Debug|Any CPU = Debug|Any CPU
		Release|Any CPU = Release|Any CPU
	EndGlobalSection
	GlobalSection(ProjectConfigurationPlatforms) = postSolution
		{869008E3-EFD1-0A48-7FEC-C8E6AEA3A97A}.Debug|Any CPU.ActiveCfg = Debug|Any CPU
		{869008E3-EFD1-0A48-7FEC-C8E6AEA3A97A}.Debug|Any CPU.Build.0 = Debug|Any CPU
		{869008E3-EFD1-0A48-7FEC-C8E6AEA3A97A}.Release|Any CPU.ActiveCfg = Release|Any CPU
		{869008E3-EFD1-0A48-7FEC-C8E6AEA3A97A}.Release|Any CPU.Build.0 = Release|Any CPU
		{7BD9F2E1-AB8E-4AA5-93BA-9B92D27EC064}.Debug|Any CPU.ActiveCfg = Debug|Any CPU
		{7BD9F2E1-AB8E-4AA5-93BA-9B92D27EC064}.Debug|Any CPU.Build.0 = Debug|Any CPU
		{7BD9F2E1-AB8E-4AA5-93BA-9B92D27EC064}.Release|Any CPU.ActiveCfg = Release|Any CPU
		{7BD9F2E1-AB8E-4AA5-93BA-9B92D27EC064}.Release|Any CPU.Build.0 = Release|Any CPU
		{C7D85722-68AB-4E9A-8E47-7A71B3387060}.Debug|Any CPU.ActiveCfg = Debug|Any CPU
		{C7D85722-68AB-4E9A-8E47-7A71B3387060}.Debug|Any CPU.Build.0 = Debug|Any CPU
		{C7D85722-68AB-4E9A-8E47-7A71B3387060}.Release|Any CPU.ActiveCfg = Release|Any CPU
		{C7D85722-68AB-4E9A-8E47-7A71B3387060}.Release|Any CPU.Build.0 = Release|Any CPU
		{309097B3-0840-4407-A85F-7038F18201E0}.Debug|Any CPU.ActiveCfg = Debug|Any CPU
		{309097B3-0840-4407-A85F-7038F18201E0}.Debug|Any CPU.Build.0 = Debug|Any CPU
		{309097B3-0840-4407-A85F-7038F18201E0}.Release|Any CPU.ActiveCfg = Release|Any CPU
		{309097B3-0840-4407-A85F-7038F18201E0}.Release|Any CPU.Build.0 = Release|Any CPU
	EndGlobalSection
	GlobalSection(SolutionProperties) = preSolution
		HideSolutionNode = FALSE
	EndGlobalSection
	GlobalSection(NestedProjects) = preSolution
		{02EA681E-C7D8-13C7-8484-4AC65E1B71E8} = {8EC462FD-D22E-90A8-E5CE-7E832BA40C5D}
		{143067B7-D5C1-4471-BB0D-F31626A116A7} = {8EC462FD-D22E-90A8-E5CE-7E832BA40C5D}
	EndGlobalSection
	GlobalSection(ExtensibilityGlobals) = postSolution
		SolutionGuid = {8EEC6F15-42CF-4ADA-A10D-0EC8CD2BF450}
	EndGlobalSection
EndGlobal
